
Microsoft Visual Studio Solution File, Format Version 12.00
# Visual Studio Version 17
VisualStudioVersion = 17.1.32421.90
MinimumVisualStudioVersion = 10.0.40219.1
Project("{9A19103F-16F7-4668-BE54-9A1E7A4F7556}") = "Common", "Common\Common.csproj", "{67EDDDE9-86A2-4EA4-916D-31BCA7B782FB}"
EndProject
Project("{9A19103F-16F7-4668-BE54-9A1E7A4F7556}") = "Library", "Library\Library.csproj", "{722004C1-19AB-4EB8-8563-800474E892EA}"
EndProject
Project("{9A19103F-16F7-4668-BE54-9A1E7A4F7556}") = "Service", "Service\Service.csproj", "{578DA662-79ED-49EC-8A20-690B3478692D}"
EndProject
Project("{9A19103F-16F7-4668-BE54-9A1E7A4F7556}") = "Viewer", "Viewer\Viewer.csproj", "{E72602DF-437F-4DF3-B339-EA846D92C990}"
EndProject
Global
	GlobalSection(SolutionConfigurationPlatforms) = preSolution
		Debug|Any CPU = Debug|Any CPU
		Release|Any CPU = Release|Any CPU
	EndGlobalSection
	GlobalSection(ProjectConfigurationPlatforms) = postSolution
		{67EDDDE9-86A2-4EA4-916D-31BCA7B782FB}.Debug|Any CPU.ActiveCfg = Debug|Any CPU
		{67EDDDE9-86A2-4EA4-916D-31BCA7B782FB}.Debug|Any CPU.Build.0 = Debug|Any CPU
		{67EDDDE9-86A2-4EA4-916D-31BCA7B782FB}.Release|Any CPU.ActiveCfg = Release|Any CPU
		{67EDDDE9-86A2-4EA4-916D-31BCA7B782FB}.Release|Any CPU.Build.0 = Release|Any CPU
		{722004C1-19AB-4EB8-8563-800474E892EA}.Debug|Any CPU.ActiveCfg = Debug|Any CPU
		{722004C1-19AB-4EB8-8563-800474E892EA}.Debug|Any CPU.Build.0 = Debug|Any CPU
		{722004C1-19AB-4EB8-8563-800474E892EA}.Release|Any CPU.ActiveCfg = Release|Any CPU
		{722004C1-19AB-4EB8-8563-800474E892EA}.Release|Any CPU.Build.0 = Release|Any CPU
		{578DA662-79ED-49EC-8A20-690B3478692D}.Debug|Any CPU.ActiveCfg = Debug|Any CPU
		{578DA662-79ED-49EC-8A20-690B3478692D}.Debug|Any CPU.Build.0 = Debug|Any CPU
		{578DA662-79ED-49EC-8A20-690B3478692D}.Release|Any CPU.ActiveCfg = Release|Any CPU
		{578DA662-79ED-49EC-8A20-690B3478692D}.Release|Any CPU.Build.0 = Release|Any CPU
		{E72602DF-437F-4DF3-B339-EA846D92C990}.Debug|Any CPU.ActiveCfg = Debug|Any CPU
		{E72602DF-437F-4DF3-B339-EA846D92C990}.Debug|Any CPU.Build.0 = Debug|Any CPU
		{E72602DF-437F-4DF3-B339-EA846D92C990}.Release|Any CPU.ActiveCfg = Release|Any CPU
		{E72602DF-437F-4DF3-B339-EA846D92C990}.Release|Any CPU.Build.0 = Release|Any CPU
	EndGlobalSection
	GlobalSection(SolutionProperties) = preSolution
		HideSolutionNode = FALSE
	EndGlobalSection
	GlobalSection(ExtensibilityGlobals) = postSolution
		SolutionGuid = {1DD2B9E3-E961-4513-BE30-63351B2B98B2}
	EndGlobalSection
EndGlobal
